
Microsoft Visual Studio Solution File, Format Version 12.00
# Visual Studio Version 17
VisualStudioVersion = 17.1.32228.430
MinimumVisualStudioVersion = 10.0.40219.1
Project("{FAE04EC0-301F-11D3-BF4B-00C04F79EFBC}") = "TicTacToe", "TicTacToe\TicTacToe.csproj", "{91AB5360-3E1F-420B-8F07-26D498E59E3A}"
EndProject
Global
	GlobalSection(SolutionConfigurationPlatforms) = preSolution
		Debug|Any CPU = Debug|Any CPU
		Release|Any CPU = Release|Any CPU
	EndGlobalSection
	GlobalSection(ProjectConfigurationPlatforms) = postSolution
		{91AB5360-3E1F-420B-8F07-26D498E59E3A}.Debug|Any CPU.ActiveCfg = Debug|Any CPU
		{91AB5360-3E1F-420B-8F07-26D498E59E3A}.Debug|Any CPU.Build.0 = Debug|Any CPU
		{91AB5360-3E1F-420B-8F07-26D498E59E3A}.Release|Any CPU.ActiveCfg = Release|Any CPU
		{91AB5360-3E1F-420B-8F07-26D498E59E3A}.Release|Any CPU.Build.0 = Release|Any CPU
	EndGlobalSection
	GlobalSection(SolutionProperties) = preSolution
		HideSolutionNode = FALSE
	EndGlobalSection
	GlobalSection(ExtensibilityGlobals) = postSolution
		SolutionGuid = {F9E27DD4-24B1-41E0-A2B0-B45234708715}
	EndGlobalSection
EndGlobal
